// !$*UTF8*$!
{
	archiveVersion = 1;
	classes = {
	};
	objectVersion = 56;
	objects = {

/* Begin PBXBuildFile section */
		F12BC3F82A306475001BFD44 /* ToDoApp.swift in Sources */ = {isa = PBXBuildFile; fileRef = F12BC3F72A306475001BFD44 /* ToDoApp.swift */; };
		F12BC3FC2A306477001BFD44 /* Assets.xcassets in Resources */ = {isa = PBXBuildFile; fileRef = F12BC3FB2A306477001BFD44 /* Assets.xcassets */; };
		F12BC3FF2A306477001BFD44 /* Preview Assets.xcassets in Resources */ = {isa = PBXBuildFile; fileRef = F12BC3FE2A306477001BFD44 /* Preview Assets.xcassets */; };
		F12BC4072A3066FE001BFD44 /* ListView.swift in Sources */ = {isa = PBXBuildFile; fileRef = F12BC4062A3066FE001BFD44 /* ListView.swift */; };
		F12BC4092A306B9D001BFD44 /* ListRowView.swift in Sources */ = {isa = PBXBuildFile; fileRef = F12BC4082A306B9D001BFD44 /* ListRowView.swift */; };
		F12BC40B2A307417001BFD44 /* AddItemView.swift in Sources */ = {isa = PBXBuildFile; fileRef = F12BC40A2A307417001BFD44 /* AddItemView.swift */; };
		F12BC40E2A30CC8F001BFD44 /* ThreeDButton.swift in Sources */ = {isa = PBXBuildFile; fileRef = F12BC40D2A30CC8F001BFD44 /* ThreeDButton.swift */; };
		F12BC4102A31E074001BFD44 /* IsmometricRectangle.swift in Sources */ = {isa = PBXBuildFile; fileRef = F12BC40F2A31E074001BFD44 /* IsmometricRectangle.swift */; };
		F12BC4132A32267D001BFD44 /* ItemModel.swift in Sources */ = {isa = PBXBuildFile; fileRef = F12BC4122A32267D001BFD44 /* ItemModel.swift */; };
		F12BC4162A333B24001BFD44 /* ListItemViewModel.swift in Sources */ = {isa = PBXBuildFile; fileRef = F12BC4152A333B24001BFD44 /* ListItemViewModel.swift */; };
		F12BC4182A365A12001BFD44 /* NoItemsView.swift in Sources */ = {isa = PBXBuildFile; fileRef = F12BC4172A365A12001BFD44 /* NoItemsView.swift */; };
/* End PBXBuildFile section */

/* Begin PBXFileReference section */
		F12BC3F42A306475001BFD44 /* ToDo.app */ = {isa = PBXFileReference; explicitFileType = wrapper.application; includeInIndex = 0; path = ToDo.app; sourceTree = BUILT_PRODUCTS_DIR; };
		F12BC3F72A306475001BFD44 /* ToDoApp.swift */ = {isa = PBXFileReference; lastKnownFileType = sourcecode.swift; path = ToDoApp.swift; sourceTree = "<group>"; };
		F12BC3FB2A306477001BFD44 /* Assets.xcassets */ = {isa = PBXFileReference; lastKnownFileType = folder.assetcatalog; path = Assets.xcassets; sourceTree = "<group>"; };
		F12BC3FE2A306477001BFD44 /* Preview Assets.xcassets */ = {isa = PBXFileReference; lastKnownFileType = folder.assetcatalog; path = "Preview Assets.xcassets"; sourceTree = "<group>"; };
		F12BC4062A3066FE001BFD44 /* ListView.swift */ = {isa = PBXFileReference; lastKnownFileType = sourcecode.swift; path = ListView.swift; sourceTree = "<group>"; };
		F12BC4082A306B9D001BFD44 /* ListRowView.swift */ = {isa = PBXFileReference; lastKnownFileType = sourcecode.swift; path = ListRowView.swift; sourceTree = "<group>"; };
		F12BC40A2A307417001BFD44 /* AddItemView.swift */ = {isa = PBXFileReference; lastKnownFileType = sourcecode.swift; path = AddItemView.swift; sourceTree = "<group>"; };
		F12BC40D2A30CC8F001BFD44 /* ThreeDButton.swift */ = {isa = PBXFileReference; lastKnownFileType = sourcecode.swift; path = ThreeDButton.swift; sourceTree = "<group>"; };
		F12BC40F2A31E074001BFD44 /* IsmometricRectangle.swift */ = {isa = PBXFileReference; lastKnownFileType = sourcecode.swift; path = IsmometricRectangle.swift; sourceTree = "<group>"; };
		F12BC4122A32267D001BFD44 /* ItemModel.swift */ = {isa = PBXFileReference; lastKnownFileType = sourcecode.swift; path = ItemModel.swift; sourceTree = "<group>"; };
		F12BC4152A333B24001BFD44 /* ListItemViewModel.swift */ = {isa = PBXFileReference; lastKnownFileType = sourcecode.swift; path = ListItemViewModel.swift; sourceTree = "<group>"; };
		F12BC4172A365A12001BFD44 /* NoItemsView.swift */ = {isa = PBXFileReference; lastKnownFileType = sourcecode.swift; path = NoItemsView.swift; sourceTree = "<group>"; };
/* End PBXFileReference section */

/* Begin PBXFrameworksBuildPhase section */
		F12BC3F12A306475001BFD44 /* Frameworks */ = {
			isa = PBXFrameworksBuildPhase;
			buildActionMask = 2147483647;
			files = (
			);
			runOnlyForDeploymentPostprocessing = 0;
		};
/* End PBXFrameworksBuildPhase section */

/* Begin PBXGroup section */
		F12BC3EB2A306475001BFD44 = {
			isa = PBXGroup;
			children = (
				F12BC3F62A306475001BFD44 /* ToDo */,
				F12BC3F52A306475001BFD44 /* Products */,
			);
			sourceTree = "<group>";
		};
		F12BC3F52A306475001BFD44 /* Products */ = {
			isa = PBXGroup;
			children = (
				F12BC3F42A306475001BFD44 /* ToDo.app */,
			);
			name = Products;
			sourceTree = "<group>";
		};
		F12BC3F62A306475001BFD44 /* ToDo */ = {
			isa = PBXGroup;
			children = (
				F12BC3F72A306475001BFD44 /* ToDoApp.swift */,
				F12BC4112A3203E8001BFD44 /* Models */,
				F12BC4142A333AD0001BFD44 /* ViewModels */,
				F12BC4052A3066DA001BFD44 /* View */,
				F12BC3FB2A306477001BFD44 /* Assets.xcassets */,
				F12BC3FD2A306477001BFD44 /* Preview Content */,
			);
			path = ToDo;
			sourceTree = "<group>";
		};
		F12BC3FD2A306477001BFD44 /* Preview Content */ = {
			isa = PBXGroup;
			children = (
				F12BC3FE2A306477001BFD44 /* Preview Assets.xcassets */,
			);
			path = "Preview Content";
			sourceTree = "<group>";
		};
		F12BC4052A3066DA001BFD44 /* View */ = {
			isa = PBXGroup;
			children = (
				F12BC40C2A30CC65001BFD44 /* Utils */,
				F12BC4062A3066FE001BFD44 /* ListView.swift */,
				F12BC4082A306B9D001BFD44 /* ListRowView.swift */,
				F12BC40A2A307417001BFD44 /* AddItemView.swift */,
				F12BC4172A365A12001BFD44 /* NoItemsView.swift */,
			);
			path = View;
			sourceTree = "<group>";
		};
		F12BC40C2A30CC65001BFD44 /* Utils */ = {
			isa = PBXGroup;
			children = (
				F12BC40D2A30CC8F001BFD44 /* ThreeDButton.swift */,
				F12BC40F2A31E074001BFD44 /* IsmometricRectangle.swift */,
			);
			path = Utils;
			sourceTree = "<group>";
		};
		F12BC4112A3203E8001BFD44 /* Models */ = {
			isa = PBXGroup;
			children = (
				F12BC4122A32267D001BFD44 /* ItemModel.swift */,
			);
			path = Models;
			sourceTree = "<group>";
		};
		F12BC4142A333AD0001BFD44 /* ViewModels */ = {
			isa = PBXGroup;
			children = (
				F12BC4152A333B24001BFD44 /* ListItemViewModel.swift */,
			);
			path = ViewModels;
			sourceTree = "<group>";
		};
/* End PBXGroup section */

/* Begin PBXNativeTarget section */
		F12BC3F32A306475001BFD44 /* ToDo */ = {
			isa = PBXNativeTarget;
			buildConfigurationList = F12BC4022A306477001BFD44 /* Build configuration list for PBXNativeTarget "ToDo" */;
			buildPhases = (
				F12BC3F02A306475001BFD44 /* Sources */,
				F12BC3F12A306475001BFD44 /* Frameworks */,
				F12BC3F22A306475001BFD44 /* Resources */,
			);
			buildRules = (
			);
			dependencies = (
			);
			name = ToDo;
			productName = ToDo;
			productReference = F12BC3F42A306475001BFD44 /* ToDo.app */;
			productType = "com.apple.product-type.application";
		};
/* End PBXNativeTarget section */

/* Begin PBXProject section */
		F12BC3EC2A306475001BFD44 /* Project object */ = {
			isa = PBXProject;
			attributes = {
				BuildIndependentTargetsInParallel = 1;
				LastSwiftUpdateCheck = 1420;
				LastUpgradeCheck = 1420;
				TargetAttributes = {
					F12BC3F32A306475001BFD44 = {
						CreatedOnToolsVersion = 14.2;
					};
				};
			};
			buildConfigurationList = F12BC3EF2A306475001BFD44 /* Build configuration list for PBXProject "ToDo" */;
			compatibilityVersion = "Xcode 14.0";
			developmentRegion = en;
			hasScannedForEncodings = 0;
			knownRegions = (
				en,
				Base,
			);
			mainGroup = F12BC3EB2A306475001BFD44;
			productRefGroup = F12BC3F52A306475001BFD44 /* Products */;
			projectDirPath = "";
			projectRoot = "";
			targets = (
				F12BC3F32A306475001BFD44 /* ToDo */,
			);
		};
/* End PBXProject section */

/* Begin PBXResourcesBuildPhase section */
		F12BC3F22A306475001BFD44 /* Resources */ = {
			isa = PBXResourcesBuildPhase;
			buildActionMask = 2147483647;
			files = (
				F12BC3FF2A306477001BFD44 /* Preview Assets.xcassets in Resources */,
				F12BC3FC2A306477001BFD44 /* Assets.xcassets in Resources */,
			);
			runOnlyForDeploymentPostprocessing = 0;
		};
/* End PBXResourcesBuildPhase section */

/* Begin PBXSourcesBuildPhase section */
		F12BC3F02A306475001BFD44 /* Sources */ = {
			isa = PBXSourcesBuildPhase;
			buildActionMask = 2147483647;
			files = (
				F12BC3F82A306475001BFD44 /* ToDoApp.swift in Sources */,
				F12BC4162A333B24001BFD44 /* ListItemViewModel.swift in Sources */,
				F12BC4072A3066FE001BFD44 /* ListView.swift in Sources */,
				F12BC4092A306B9D001BFD44 /* ListRowView.swift in Sources */,
				F12BC40E2A30CC8F001BFD44 /* ThreeDButton.swift in Sources */,
				F12BC40B2A307417001BFD44 /* AddItemView.swift in Sources */,
				F12BC4132A32267D001BFD44 /* ItemModel.swift in Sources */,
				F12BC4102A31E074001BFD44 /* IsmometricRectangle.swift in Sources */,
				F12BC4182A365A12001BFD44 /* NoItemsView.swift in Sources */,
			);
			runOnlyForDeploymentPostprocessing = 0;
		};
/* End PBXSourcesBuildPhase section */

/* Begin XCBuildConfiguration section */
		F12BC4002A306477001BFD44 /* Debug */ = {
			isa = XCBuildConfiguration;
			buildSettings = {
				ALWAYS_SEARCH_USER_PATHS = NO;
				CLANG_ANALYZER_NONNULL = YES;
				CLANG_ANALYZER_NUMBER_OBJECT_CONVERSION = YES_AGGRESSIVE;
				CLANG_CXX_LANGUAGE_STANDARD = "gnu++20";
				CLANG_ENABLE_MODULES = YES;
				CLANG_ENABLE_OBJC_ARC = YES;
				CLANG_ENABLE_OBJC_WEAK = YES;
				CLANG_WARN_BLOCK_CAPTURE_AUTORELEASING = YES;
				CLANG_WARN_BOOL_CONVERSION = YES;
				CLANG_WARN_COMMA = YES;
				CLANG_WARN_CONSTANT_CONVERSION = YES;
				CLANG_WARN_DEPRECATED_OBJC_IMPLEMENTATIONS = YES;
				CLANG_WARN_DIRECT_OBJC_ISA_USAGE = YES_ERROR;
				CLANG_WARN_DOCUMENTATION_COMMENTS = YES;
				CLANG_WARN_EMPTY_BODY = YES;
				CLANG_WARN_ENUM_CONVERSION = YES;
				CLANG_WARN_INFINITE_RECURSION = YES;
				CLANG_WARN_INT_CONVERSION = YES;
				CLANG_WARN_NON_LITERAL_NULL_CONVERSION = YES;
				CLANG_WARN_OBJC_IMPLICIT_RETAIN_SELF = YES;
				CLANG_WARN_OBJC_LITERAL_CONVERSION = YES;
				CLANG_WARN_OBJC_ROOT_CLASS = YES_ERROR;
				CLANG_WARN_QUOTED_INCLUDE_IN_FRAMEWORK_HEADER = YES;
				CLANG_WARN_RANGE_LOOP_ANALYSIS = YES;
				CLANG_WARN_STRICT_PROTOTYPES = YES;
				CLANG_WARN_SUSPICIOUS_MOVE = YES;
				CLANG_WARN_UNGUARDED_AVAILABILITY = YES_AGGRESSIVE;
				CLANG_WARN_UNREACHABLE_CODE = YES;
				CLANG_WARN__DUPLICATE_METHOD_MATCH = YES;
				COPY_PHASE_STRIP = NO;
				DEBUG_INFORMATION_FORMAT = dwarf;
				ENABLE_STRICT_OBJC_MSGSEND = YES;
				ENABLE_TESTABILITY = YES;
				GCC_C_LANGUAGE_STANDARD = gnu11;
				GCC_DYNAMIC_NO_PIC = NO;
				GCC_NO_COMMON_BLOCKS = YES;
				GCC_OPTIMIZATION_LEVEL = 0;
				GCC_PREPROCESSOR_DEFINITIONS = (
					"DEBUG=1",
					"$(inherited)",
				);
				GCC_WARN_64_TO_32_BIT_CONVERSION = YES;
				GCC_WARN_ABOUT_RETURN_TYPE = YES_ERROR;
				GCC_WARN_UNDECLARED_SELECTOR = YES;
				GCC_WARN_UNINITIALIZED_AUTOS = YES_AGGRESSIVE;
				GCC_WARN_UNUSED_FUNCTION = YES;
				GCC_WARN_UNUSED_VARIABLE = YES;
				IPHONEOS_DEPLOYMENT_TARGET = 16.2;
				MTL_ENABLE_DEBUG_INFO = INCLUDE_SOURCE;
				MTL_FAST_MATH = YES;
				ONLY_ACTIVE_ARCH = YES;
				SDKROOT = iphoneos;
				SWIFT_ACTIVE_COMPILATION_CONDITIONS = DEBUG;
				SWIFT_OPTIMIZATION_LEVEL = "-Onone";
			};
			name = Debug;
		};
		F12BC4012A306477001BFD44 /* Release */ = {
			isa = XCBuildConfiguration;
			buildSettings = {
				ALWAYS_SEARCH_USER_PATHS = NO;
				CLANG_ANALYZER_NONNULL = YES;
				CLANG_ANALYZER_NUMBER_OBJECT_CONVERSION = YES_AGGRESSIVE;
				CLANG_CXX_LANGUAGE_STANDARD = "gnu++20";
				CLANG_ENABLE_MODULES = YES;
				CLANG_ENABLE_OBJC_ARC = YES;
				CLANG_ENABLE_OBJC_WEAK = YES;
				CLANG_WARN_BLOCK_CAPTURE_AUTORELEASING = YES;
				CLANG_WARN_BOOL_CONVERSION = YES;
				CLANG_WARN_COMMA = YES;
				CLANG_WARN_CONSTANT_CONVERSION = YES;
				CLANG_WARN_DEPRECATED_OBJC_IMPLEMENTATIONS = YES;
				CLANG_WARN_DIRECT_OBJC_ISA_USAGE = YES_ERROR;
				CLANG_WARN_DOCUMENTATION_COMMENTS = YES;
				CLANG_WARN_EMPTY_BODY = YES;
				CLANG_WARN_ENUM_CONVERSION = YES;
				CLANG_WARN_INFINITE_RECURSION = YES;
				CLANG_WARN_INT_CONVERSION = YES;
				CLANG_WARN_NON_LITERAL_NULL_CONVERSION = YES;
				CLANG_WARN_OBJC_IMPLICIT_RETAIN_SELF = YES;
				CLANG_WARN_OBJC_LITERAL_CONVERSION = YES;
				CLANG_WARN_OBJC_ROOT_CLASS = YES_ERROR;
				CLANG_WARN_QUOTED_INCLUDE_IN_FRAMEWORK_HEADER = YES;
				CLANG_WARN_RANGE_LOOP_ANALYSIS = YES;
				CLANG_WARN_STRICT_PROTOTYPES = YES;
				CLANG_WARN_SUSPICIOUS_MOVE = YES;
				CLANG_WARN_UNGUARDED_AVAILABILITY = YES_AGGRESSIVE;
				CLANG_WARN_UNREACHABLE_CODE = YES;
				CLANG_WARN__DUPLICATE_METHOD_MATCH = YES;
				COPY_PHASE_STRIP = NO;
				DEBUG_INFORMATION_FORMAT = "dwarf-with-dsym";
				ENABLE_NS_ASSERTIONS = NO;
				ENABLE_STRICT_OBJC_MSGSEND = YES;
				GCC_C_LANGUAGE_STANDARD = gnu11;
				GCC_NO_COMMON_BLOCKS = YES;
				GCC_WARN_64_TO_32_BIT_CONVERSION = YES;
				GCC_WARN_ABOUT_RETURN_TYPE = YES_ERROR;
				GCC_WARN_UNDECLARED_SELECTOR = YES;
				GCC_WARN_UNINITIALIZED_AUTOS = YES_AGGRESSIVE;
				GCC_WARN_UNUSED_FUNCTION = YES;
				GCC_WARN_UNUSED_VARIABLE = YES;
				IPHONEOS_DEPLOYMENT_TARGET = 16.2;
				MTL_ENABLE_DEBUG_INFO = NO;
				MTL_FAST_MATH = YES;
				SDKROOT = iphoneos;
				SWIFT_COMPILATION_MODE = wholemodule;
				SWIFT_OPTIMIZATION_LEVEL = "-O";
				VALIDATE_PRODUCT = YES;
			};
			name = Release;
		};
		F12BC4032A306477001BFD44 /* Debug */ = {
			isa = XCBuildConfiguration;
			buildSettings = {
				ASSETCATALOG_COMPILER_APPICON_NAME = AppIcon;
				ASSETCATALOG_COMPILER_GLOBAL_ACCENT_COLOR_NAME = AccentColor;
				CODE_SIGN_STYLE = Automatic;
				CURRENT_PROJECT_VERSION = 1;
				DEVELOPMENT_ASSET_PATHS = "\"ToDo/Preview Content\"";
				DEVELOPMENT_TEAM = JJSFLCL5CF;
				ENABLE_PREVIEWS = YES;
				GENERATE_INFOPLIST_FILE = YES;
				INFOPLIST_KEY_UIApplicationSceneManifest_Generation = YES;
				INFOPLIST_KEY_UIApplicationSupportsIndirectInputEvents = YES;
				INFOPLIST_KEY_UILaunchScreen_Generation = YES;
				INFOPLIST_KEY_UISupportedInterfaceOrientations_iPad = "UIInterfaceOrientationPortrait UIInterfaceOrientationPortraitUpsideDown UIInterfaceOrientationLandscapeLeft UIInterfaceOrientationLandscapeRight";
				INFOPLIST_KEY_UISupportedInterfaceOrientations_iPhone = "UIInterfaceOrientationPortrait UIInterfaceOrientationLandscapeLeft UIInterfaceOrientationLandscapeRight";
				LD_RUNPATH_SEARCH_PATHS = (
					"$(inherited)",
					"@executable_path/Frameworks",
				);
				MARKETING_VERSION = 1.0;
				PRODUCT_BUNDLE_IDENTIFIER = x.blue.ToDo;
				PRODUCT_NAME = "$(TARGET_NAME)";
				SWIFT_EMIT_LOC_STRINGS = YES;
				SWIFT_VERSION = 5.0;
				TARGETED_DEVICE_FAMILY = "1,2";
			};
			name = Debug;
		};
		F12BC4042A306477001BFD44 /* Release */ = {
			isa = XCBuildConfiguration;
			buildSettings = {
				ASSETCATALOG_COMPILER_APPICON_NAME = AppIcon;
				ASSETCATALOG_COMPILER_GLOBAL_ACCENT_COLOR_NAME = AccentColor;
				CODE_SIGN_STYLE = Automatic;
				CURRENT_PROJECT_VERSION = 1;
				DEVELOPMENT_ASSET_PATHS = "\"ToDo/Preview Content\"";
				DEVELOPMENT_TEAM = JJSFLCL5CF;
				ENABLE_PREVIEWS = YES;
				GENERATE_INFOPLIST_FILE = YES;
				INFOPLIST_KEY_UIApplicationSceneManifest_Generation = YES;
				INFOPLIST_KEY_UIApplicationSupportsIndirectInputEvents = YES;
				INFOPLIST_KEY_UILaunchScreen_Generation = YES;
				INFOPLIST_KEY_UISupportedInterfaceOrientations_iPad = "UIInterfaceOrientationPortrait UIInterfaceOrientationPortraitUpsideDown UIInterfaceOrientationLandscapeLeft UIInterfaceOrientationLandscapeRight";
				INFOPLIST_KEY_UISupportedInterfaceOrientations_iPhone = "UIInterfaceOrientationPortrait UIInterfaceOrientationLandscapeLeft UIInterfaceOrientationLandscapeRight";
				LD_RUNPATH_SEARCH_PATHS = (
					"$(inherited)",
					"@executable_path/Frameworks",
				);
				MARKETING_VERSION = 1.0;
				PRODUCT_BUNDLE_IDENTIFIER = x.blue.ToDo;
				PRODUCT_NAME = "$(TARGET_NAME)";
				SWIFT_EMIT_LOC_STRINGS = YES;
				SWIFT_VERSION = 5.0;
				TARGETED_DEVICE_FAMILY = "1,2";
			};
			name = Release;
		};
/* End XCBuildConfiguration section */

/* Begin XCConfigurationList section */
		F12BC3EF2A306475001BFD44 /* Build configuration list for PBXProject "ToDo" */ = {
			isa = XCConfigurationList;
			buildConfigurations = (
				F12BC4002A306477001BFD44 /* Debug */,
				F12BC4012A306477001BFD44 /* Release */,
			);
			defaultConfigurationIsVisible = 0;
			defaultConfigurationName = Release;
		};
		F12BC4022A306477001BFD44 /* Build configuration list for PBXNativeTarget "ToDo" */ = {
			isa = XCConfigurationList;
			buildConfigurations = (
				F12BC4032A306477001BFD44 /* Debug */,
				F12BC4042A306477001BFD44 /* Release */,
			);
			defaultConfigurationIsVisible = 0;
			defaultConfigurationName = Release;
		};
/* End XCConfigurationList section */
	};
	rootObject = F12BC3EC2A306475001BFD44 /* Project object */;
}
